{
  "name": "mycustomnpmtest",
  "version": "1.0.0",
  "lockfileVersion": 3,
  "requires": true,
  "packages": {
    "": {
      "name": "mycustomnpmtest",
      "version": "1.0.0",
      "license": "ISC",
      "dependencies": {
        "mycustomnpmtest": "^1.0.0"
      }
    },
    "node_modules/mycustomnpmtest": {
      "version": "1.0.0",
      "resolved": "https://registry.npmjs.org/mycustomnpmtest/-/mycustomnpmtest-1.0.0.tgz",
      "integrity": "sha512-pX1RlJpZRlsRd6ufWW2AIjs3kyKqd3FBJ9eqgXVZplquA+JpJyu0Aa1szcIsRvibEWr0vJB7dgyVw8djLV2qpw=="
    }
  }
}
